
Microsoft Visual Studio Solution File, Format Version 12.00
# Visual Studio Version 16
VisualStudioVersion = 16.0.31729.503
MinimumVisualStudioVersion = 10.0.40219.1
Project("{FAE04EC0-301F-11D3-BF4B-00C04F79EFBC}") = "ConvertitoreValuteClient", "ConvertitoreValuteClient\ConvertitoreValuteClient.csproj", "{9EA41B74-6240-4470-8226-10709909AEFF}"
EndProject
Global
	GlobalSection(SolutionConfigurationPlatforms) = preSolution
		Debug|Any CPU = Debug|Any CPU
		Release|Any CPU = Release|Any CPU
	EndGlobalSection
	GlobalSection(ProjectConfigurationPlatforms) = postSolution
		{9EA41B74-6240-4470-8226-10709909AEFF}.Debug|Any CPU.ActiveCfg = Debug|Any CPU
		{9EA41B74-6240-4470-8226-10709909AEFF}.Debug|Any CPU.Build.0 = Debug|Any CPU
		{9EA41B74-6240-4470-8226-10709909AEFF}.Release|Any CPU.ActiveCfg = Release|Any CPU
		{9EA41B74-6240-4470-8226-10709909AEFF}.Release|Any CPU.Build.0 = Release|Any CPU
	EndGlobalSection
	GlobalSection(SolutionProperties) = preSolution
		HideSolutionNode = FALSE
	EndGlobalSection
	GlobalSection(ExtensibilityGlobals) = postSolution
		SolutionGuid = {8E9E1AAA-7F68-4F1F-A581-7DE73CFF5EB8}
	EndGlobalSection
EndGlobal
